
Microsoft Visual Studio Solution File, Format Version 12.00
# Visual Studio Version 17
VisualStudioVersion = 17.8.34004.107
MinimumVisualStudioVersion = 10.0.40219.1
Project("{9A19103F-16F7-4668-BE54-9A1E7A4F7556}") = "MDCUnitsConverterWeb", "MDCUnitsConverterWeb\MDCUnitsConverterWeb.csproj", "{6E775DE0-09DE-4F89-AEA2-893B566A07F4}"
EndProject
Project("{9A19103F-16F7-4668-BE54-9A1E7A4F7556}") = "MDCUnitsConverterAPI", "MDCUnitsConverterAPI\MDCUnitsConverterAPI.csproj", "{4979FB53-05D5-4ED6-809F-033AF224DEFB}"
EndProject
Global
	GlobalSection(SolutionConfigurationPlatforms) = preSolution
		Debug|Any CPU = Debug|Any CPU
		Release|Any CPU = Release|Any CPU
	EndGlobalSection
	GlobalSection(ProjectConfigurationPlatforms) = postSolution
		{6E775DE0-09DE-4F89-AEA2-893B566A07F4}.Debug|Any CPU.ActiveCfg = Debug|Any CPU
		{6E775DE0-09DE-4F89-AEA2-893B566A07F4}.Debug|Any CPU.Build.0 = Debug|Any CPU
		{6E775DE0-09DE-4F89-AEA2-893B566A07F4}.Release|Any CPU.ActiveCfg = Release|Any CPU
		{6E775DE0-09DE-4F89-AEA2-893B566A07F4}.Release|Any CPU.Build.0 = Release|Any CPU
		{4979FB53-05D5-4ED6-809F-033AF224DEFB}.Debug|Any CPU.ActiveCfg = Debug|Any CPU
		{4979FB53-05D5-4ED6-809F-033AF224DEFB}.Debug|Any CPU.Build.0 = Debug|Any CPU
		{4979FB53-05D5-4ED6-809F-033AF224DEFB}.Release|Any CPU.ActiveCfg = Release|Any CPU
		{4979FB53-05D5-4ED6-809F-033AF224DEFB}.Release|Any CPU.Build.0 = Release|Any CPU
	EndGlobalSection
	GlobalSection(SolutionProperties) = preSolution
		HideSolutionNode = FALSE
	EndGlobalSection
	GlobalSection(ExtensibilityGlobals) = postSolution
		SolutionGuid = {4BF6548C-2461-403A-9ED2-7EAD3BDBFF5B}
	EndGlobalSection
EndGlobal
